
Microsoft Visual Studio Solution File, Format Version 12.00
# Visual Studio Version 17
VisualStudioVersion = 17.13.35825.156
MinimumVisualStudioVersion = 10.0.40219.1
Project("{FAE04EC0-301F-11D3-BF4B-00C04F79EFBC}") = "SmartPack", "SmartPack.csproj", "{D7BF7D2E-3E43-496B-8F4F-1175C6A13555}"
EndProject
Project("{FAE04EC0-301F-11D3-BF4B-00C04F79EFBC}") = "UnitTest", "..\UnitTest\UnitTest.csproj", "{DFB2CCF7-EFF3-423B-A971-8E16544DF980}"
EndProject
Global
	GlobalSection(SolutionConfigurationPlatforms) = preSolution
		Debug|Any CPU = Debug|Any CPU
		Release|Any CPU = Release|Any CPU
	EndGlobalSection
	GlobalSection(ProjectConfigurationPlatforms) = postSolution
		{D7BF7D2E-3E43-496B-8F4F-1175C6A13555}.Debug|Any CPU.ActiveCfg = Debug|Any CPU
		{D7BF7D2E-3E43-496B-8F4F-1175C6A13555}.Debug|Any CPU.Build.0 = Debug|Any CPU
		{D7BF7D2E-3E43-496B-8F4F-1175C6A13555}.Release|Any CPU.ActiveCfg = Release|Any CPU
		{D7BF7D2E-3E43-496B-8F4F-1175C6A13555}.Release|Any CPU.Build.0 = Release|Any CPU
		{DFB2CCF7-EFF3-423B-A971-8E16544DF980}.Debug|Any CPU.ActiveCfg = Debug|Any CPU
		{DFB2CCF7-EFF3-423B-A971-8E16544DF980}.Debug|Any CPU.Build.0 = Debug|Any CPU
		{DFB2CCF7-EFF3-423B-A971-8E16544DF980}.Release|Any CPU.ActiveCfg = Release|Any CPU
		{DFB2CCF7-EFF3-423B-A971-8E16544DF980}.Release|Any CPU.Build.0 = Release|Any CPU
	EndGlobalSection
	GlobalSection(SolutionProperties) = preSolution
		HideSolutionNode = FALSE
	EndGlobalSection
	GlobalSection(ExtensibilityGlobals) = postSolution
		SolutionGuid = {0872BB33-BA3A-4FA3-9D9C-A0957E33A853}
	EndGlobalSection
EndGlobal
